
Microsoft Visual Studio Solution File, Format Version 12.00
# Visual Studio Version 17
VisualStudioVersion = 17.14.36109.1
MinimumVisualStudioVersion = 10.0.40219.1
Project("{FAE04EC0-301F-11D3-BF4B-00C04F79EFBC}") = "WebApplication1", "WebApplication1\WebApplication1.csproj", "{1139E486-A36B-6B58-4965-3753D45010A4}"
EndProject
Project("{FAE04EC0-301F-11D3-BF4B-00C04F79EFBC}") = "WebApplication1.AppHost", "WebApplication1.AppHost\WebApplication1.AppHost.csproj", "{A5AC019F-BB2F-4361-AC7A-F1C60A7E7651}"
EndProject
Project("{FAE04EC0-301F-11D3-BF4B-00C04F79EFBC}") = "WebApplication1.ServiceDefaults", "WebApplication1.ServiceDefaults\WebApplication1.ServiceDefaults.csproj", "{0FAD29A4-22A8-8114-4749-1182E4EAA3C7}"
EndProject
Project("{FAE04EC0-301F-11D3-BF4B-00C04F79EFBC}") = "BookShop.Application", "BookShop.Application\BookShop.Application.csproj", "{B1A1C1D1-E1F1-41A1-B1C1-D1E1F1A1B1C1}"
EndProject
Project("{FAE04EC0-301F-11D3-BF4B-00C04F79EFBC}") = "BookShop.Infrastructure", "BookShop.Infrastructure\BookShop.Infrastructure.csproj", "{4CFC8D82-20C3-4BF1-9968-02E876F5609A}"
EndProject
Project("{FAE04EC0-301F-11D3-BF4B-00C04F79EFBC}") = "BookShop.Domain", "BookShop.Domain\BookShop.Domain.csproj", "{18EB59BB-FDD9-4941-B497-20558B8959BC}"
EndProject
Project("{FAE04EC0-301F-11D3-BF4B-00C04F79EFBC}") = "BookShop.Web", "BookShop.Web\BookShop.Web.csproj", "{844AECA9-4613-4D75-AC1C-2A24F4551423}"
EndProject
Global
	GlobalSection(SolutionConfigurationPlatforms) = preSolution
		Debug|Any CPU = Debug|Any CPU
		Release|Any CPU = Release|Any CPU
	EndGlobalSection
	GlobalSection(ProjectConfigurationPlatforms) = postSolution
		{1139E486-A36B-6B58-4965-3753D45010A4}.Debug|Any CPU.ActiveCfg = Debug|Any CPU
		{1139E486-A36B-6B58-4965-3753D45010A4}.Debug|Any CPU.Build.0 = Debug|Any CPU
		{1139E486-A36B-6B58-4965-3753D45010A4}.Release|Any CPU.ActiveCfg = Release|Any CPU
		{1139E486-A36B-6B58-4965-3753D45010A4}.Release|Any CPU.Build.0 = Release|Any CPU
		{A5AC019F-BB2F-4361-AC7A-F1C60A7E7651}.Debug|Any CPU.ActiveCfg = Debug|Any CPU
		{A5AC019F-BB2F-4361-AC7A-F1C60A7E7651}.Debug|Any CPU.Build.0 = Debug|Any CPU
		{A5AC019F-BB2F-4361-AC7A-F1C60A7E7651}.Release|Any CPU.ActiveCfg = Release|Any CPU
		{A5AC019F-BB2F-4361-AC7A-F1C60A7E7651}.Release|Any CPU.Build.0 = Release|Any CPU
		{0FAD29A4-22A8-8114-4749-1182E4EAA3C7}.Debug|Any CPU.ActiveCfg = Debug|Any CPU
		{0FAD29A4-22A8-8114-4749-1182E4EAA3C7}.Debug|Any CPU.Build.0 = Debug|Any CPU
		{0FAD29A4-22A8-8114-4749-1182E4EAA3C7}.Release|Any CPU.ActiveCfg = Release|Any CPU
		{0FAD29A4-22A8-8114-4749-1182E4EAA3C7}.Release|Any CPU.Build.0 = Release|Any CPU
		{B1A1C1D1-E1F1-41A1-B1C1-D1E1F1A1B1C1}.Debug|Any CPU.ActiveCfg = Debug|Any CPU
		{B1A1C1D1-E1F1-41A1-B1C1-D1E1F1A1B1C1}.Debug|Any CPU.Build.0 = Debug|Any CPU
		{B1A1C1D1-E1F1-41A1-B1C1-D1E1F1A1B1C1}.Release|Any CPU.ActiveCfg = Release|Any CPU
		{B1A1C1D1-E1F1-41A1-B1C1-D1E1F1A1B1C1}.Release|Any CPU.Build.0 = Release|Any CPU
		{4CFC8D82-20C3-4BF1-9968-02E876F5609A}.Debug|Any CPU.ActiveCfg = Debug|Any CPU
		{4CFC8D82-20C3-4BF1-9968-02E876F5609A}.Debug|Any CPU.Build.0 = Debug|Any CPU
		{4CFC8D82-20C3-4BF1-9968-02E876F5609A}.Release|Any CPU.ActiveCfg = Release|Any CPU
		{4CFC8D82-20C3-4BF1-9968-02E876F5609A}.Release|Any CPU.Build.0 = Release|Any CPU
		{18EB59BB-FDD9-4941-B497-20558B8959BC}.Debug|Any CPU.ActiveCfg = Debug|Any CPU
		{18EB59BB-FDD9-4941-B497-20558B8959BC}.Debug|Any CPU.Build.0 = Debug|Any CPU
		{18EB59BB-FDD9-4941-B497-20558B8959BC}.Release|Any CPU.ActiveCfg = Release|Any CPU
		{18EB59BB-FDD9-4941-B497-20558B8959BC}.Release|Any CPU.Build.0 = Release|Any CPU
		{844AECA9-4613-4D75-AC1C-2A24F4551423}.Debug|Any CPU.ActiveCfg = Debug|Any CPU
		{844AECA9-4613-4D75-AC1C-2A24F4551423}.Debug|Any CPU.Build.0 = Debug|Any CPU
		{844AECA9-4613-4D75-AC1C-2A24F4551423}.Release|Any CPU.ActiveCfg = Release|Any CPU
		{844AECA9-4613-4D75-AC1C-2A24F4551423}.Release|Any CPU.Build.0 = Release|Any CPU
	EndGlobalSection
	GlobalSection(SolutionProperties) = preSolution
		HideSolutionNode = FALSE
	EndGlobalSection
	GlobalSection(ExtensibilityGlobals) = postSolution
		SolutionGuid = {FF3C10D6-1E8B-41C6-A0CD-87F1C4635576}
	EndGlobalSection
EndGlobal
